
Microsoft Visual Studio Solution File, Format Version 12.00
# Visual Studio Version 17
VisualStudioVersion = 17.11.35312.102
MinimumVisualStudioVersion = 10.0.40219.1
Project("{FAE04EC0-301F-11D3-BF4B-00C04F79EFBC}") = "Project_DIjkstra", "Project_DIjkstra\Project_DIjkstra.csproj", "{B9BB2212-A490-4F87-9485-CF82FCE83AE5}"
EndProject
Global
	GlobalSection(SolutionConfigurationPlatforms) = preSolution
		Debug|Any CPU = Debug|Any CPU
		Release|Any CPU = Release|Any CPU
	EndGlobalSection
	GlobalSection(ProjectConfigurationPlatforms) = postSolution
		{B9BB2212-A490-4F87-9485-CF82FCE83AE5}.Debug|Any CPU.ActiveCfg = Debug|Any CPU
		{B9BB2212-A490-4F87-9485-CF82FCE83AE5}.Debug|Any CPU.Build.0 = Debug|Any CPU
		{B9BB2212-A490-4F87-9485-CF82FCE83AE5}.Release|Any CPU.ActiveCfg = Release|Any CPU
		{B9BB2212-A490-4F87-9485-CF82FCE83AE5}.Release|Any CPU.Build.0 = Release|Any CPU
	EndGlobalSection
	GlobalSection(SolutionProperties) = preSolution
		HideSolutionNode = FALSE
	EndGlobalSection
	GlobalSection(ExtensibilityGlobals) = postSolution
		SolutionGuid = {A6F7F368-599F-4833-8F76-A05B76A95292}
	EndGlobalSection
EndGlobal
